
Microsoft Visual Studio Solution File, Format Version 12.00
# Visual Studio 15
VisualStudioVersion = 15.0.26730.16
MinimumVisualStudioVersion = 10.0.40219.1
Project("{9A19103F-16F7-4668-BE54-9A1E7A4F7556}") = "ReflEx", "ReflEx\ReflEx.csproj", "{B3DD788E-9DF5-4A53-8C36-E60CC14FA5D9}"
EndProject
Project("{2150E333-8FDC-42A3-9474-1A3956D46DE8}") = "test", "test", "{6C414C34-1BFE-4126-AE04-31F5CBC47E0D}"
EndProject
Project("{FAE04EC0-301F-11D3-BF4B-00C04F79EFBC}") = "ReflEx.Tests", "test\ReflEx.Tests\ReflEx.Tests.csproj", "{DA896056-4427-4B9D-A176-B98AB82C97D3}"
EndProject
Global
	GlobalSection(SolutionConfigurationPlatforms) = preSolution
		Debug|Any CPU = Debug|Any CPU
		Release|Any CPU = Release|Any CPU
	EndGlobalSection
	GlobalSection(ProjectConfigurationPlatforms) = postSolution
		{B3DD788E-9DF5-4A53-8C36-E60CC14FA5D9}.Debug|Any CPU.ActiveCfg = Debug|Any CPU
		{B3DD788E-9DF5-4A53-8C36-E60CC14FA5D9}.Debug|Any CPU.Build.0 = Debug|Any CPU
		{B3DD788E-9DF5-4A53-8C36-E60CC14FA5D9}.Release|Any CPU.ActiveCfg = Release|Any CPU
		{B3DD788E-9DF5-4A53-8C36-E60CC14FA5D9}.Release|Any CPU.Build.0 = Release|Any CPU
		{DA896056-4427-4B9D-A176-B98AB82C97D3}.Debug|Any CPU.ActiveCfg = Debug|Any CPU
		{DA896056-4427-4B9D-A176-B98AB82C97D3}.Debug|Any CPU.Build.0 = Debug|Any CPU
		{DA896056-4427-4B9D-A176-B98AB82C97D3}.Release|Any CPU.ActiveCfg = Release|Any CPU
		{DA896056-4427-4B9D-A176-B98AB82C97D3}.Release|Any CPU.Build.0 = Release|Any CPU
	EndGlobalSection
	GlobalSection(SolutionProperties) = preSolution
		HideSolutionNode = FALSE
	EndGlobalSection
	GlobalSection(ExtensibilityGlobals) = postSolution
		SolutionGuid = {2784E1B1-7BCC-4444-986C-214E9375FE62}
	EndGlobalSection
	GlobalSection(NestedProjects) = preSolution
		{DA896056-4427-4B9D-A176-B98AB82C97D3} = {6C414C34-1BFE-4126-AE04-31F5CBC47E0D}
	EndGlobalSection
EndGlobal
